
Microsoft Visual Studio Solution File, Format Version 12.00
# Visual Studio 15
VisualStudioVersion = 15.0.26730.12
MinimumVisualStudioVersion = 10.0.40219.1
Project("{9A19103F-16F7-4668-BE54-9A1E7A4F7556}") = "Emby.Notification.Slack", "Emby.Notification.Slack\Emby.Notification.Slack.csproj", "{E7BB7839-A69F-409E-A26E-AD7E0FAB31CD}"
EndProject
Global
	GlobalSection(SolutionConfigurationPlatforms) = preSolution
		Debug|Any CPU = Debug|Any CPU
		Release|Any CPU = Release|Any CPU
	EndGlobalSection
	GlobalSection(ProjectConfigurationPlatforms) = postSolution
		{E7BB7839-A69F-409E-A26E-AD7E0FAB31CD}.Debug|Any CPU.ActiveCfg = Release|Any CPU
		{E7BB7839-A69F-409E-A26E-AD7E0FAB31CD}.Debug|Any CPU.Build.0 = Release|Any CPU
		{E7BB7839-A69F-409E-A26E-AD7E0FAB31CD}.Release|Any CPU.ActiveCfg = Release|Any CPU
		{E7BB7839-A69F-409E-A26E-AD7E0FAB31CD}.Release|Any CPU.Build.0 = Release|Any CPU
	EndGlobalSection
	GlobalSection(SolutionProperties) = preSolution
		HideSolutionNode = FALSE
	EndGlobalSection
	GlobalSection(ExtensibilityGlobals) = postSolution
		SolutionGuid = {173CE010-B781-4A73-8504-2EA504B1AAD0}
	EndGlobalSection
EndGlobal
