
Microsoft Visual Studio Solution File, Format Version 12.00
# Visual Studio 14
VisualStudioVersion = 14.0.23107.0
MinimumVisualStudioVersion = 10.0.40219.1
Project("{FAE04EC0-301F-11D3-BF4B-00C04F79EFBC}") = "Emby.Notification.Join", "Emby.Notification.Join\Emby.Notification.Join.csproj", "{DAE89DFE-A910-4EB4-8B3E-1D642A8CE075}"
EndProject
Global
	GlobalSection(SolutionConfigurationPlatforms) = preSolution
		Debug|Any CPU = Debug|Any CPU
		Release|Any CPU = Release|Any CPU
	EndGlobalSection
	GlobalSection(ProjectConfigurationPlatforms) = postSolution
		{DAE89DFE-A910-4EB4-8B3E-1D642A8CE075}.Debug|Any CPU.ActiveCfg = Debug|Any CPU
		{DAE89DFE-A910-4EB4-8B3E-1D642A8CE075}.Debug|Any CPU.Build.0 = Debug|Any CPU
		{DAE89DFE-A910-4EB4-8B3E-1D642A8CE075}.Release|Any CPU.ActiveCfg = Release|Any CPU
		{DAE89DFE-A910-4EB4-8B3E-1D642A8CE075}.Release|Any CPU.Build.0 = Release|Any CPU
	EndGlobalSection
	GlobalSection(SolutionProperties) = preSolution
		HideSolutionNode = FALSE
	EndGlobalSection
EndGlobal
